
Microsoft Visual Studio Solution File, Format Version 12.00
# Visual Studio Version 17
VisualStudioVersion = 17.2.32526.322
MinimumVisualStudioVersion = 10.0.40219.1
Project("{2150E333-8FDC-42A3-9474-1A3956D46DE8}") = "src", "src", "{E9A736DE-1906-4A2F-926C-B893612E9B9D}"
EndProject
Project("{9A19103F-16F7-4668-BE54-9A1E7A4F7556}") = "XperienceCommunity.HTMLTagPageBuilderComponents", "src\XperienceCommunity.HTMLTagPageBuilderComponents\XperienceCommunity.HTMLTagPageBuilderComponents.csproj", "{5C450EE2-C748-459C-A96B-C50CD2DBE9D3}"
EndProject
Project("{2150E333-8FDC-42A3-9474-1A3956D46DE8}") = "tests", "tests", "{A225AABD-E1D1-44D9-BF7E-95D55CB9B170}"
EndProject
Project("{9A19103F-16F7-4668-BE54-9A1E7A4F7556}") = "XperienceCommunity.HTMLTagPageBuilderComponents.Tests", "tests\XperienceCommunity.HTMLTagPageBuilderComponents.Tests\XperienceCommunity.HTMLTagPageBuilderComponents.Tests.csproj", "{84CFBCDF-1F36-48A9-8D54-EE4536C22A71}"
EndProject
Project("{2150E333-8FDC-42A3-9474-1A3956D46DE8}") = "SolutionItems", "SolutionItems", "{A5727628-8600-483C-95C5-A0BA426AC771}"
	ProjectSection(SolutionItems) = preProject
		.editorconfig = .editorconfig
		.gitignore = .gitignore
		.markdownlint.json = .markdownlint.json
		LICENSE = LICENSE
		README.md = README.md
	EndProjectSection
EndProject
Project("{2150E333-8FDC-42A3-9474-1A3956D46DE8}") = "build", "build", "{FD785AE7-399E-46F1-85B8-D6155100758D}"
	ProjectSection(SolutionItems) = preProject
		Directory.Build.props = Directory.Build.props
		Directory.Build.targets = Directory.Build.targets
	EndProjectSection
EndProject
Global
	GlobalSection(SolutionConfigurationPlatforms) = preSolution
		Debug|Any CPU = Debug|Any CPU
		Release|Any CPU = Release|Any CPU
	EndGlobalSection
	GlobalSection(ProjectConfigurationPlatforms) = postSolution
		{5C450EE2-C748-459C-A96B-C50CD2DBE9D3}.Debug|Any CPU.ActiveCfg = Debug|Any CPU
		{5C450EE2-C748-459C-A96B-C50CD2DBE9D3}.Debug|Any CPU.Build.0 = Debug|Any CPU
		{5C450EE2-C748-459C-A96B-C50CD2DBE9D3}.Release|Any CPU.ActiveCfg = Release|Any CPU
		{5C450EE2-C748-459C-A96B-C50CD2DBE9D3}.Release|Any CPU.Build.0 = Release|Any CPU
		{84CFBCDF-1F36-48A9-8D54-EE4536C22A71}.Debug|Any CPU.ActiveCfg = Debug|Any CPU
		{84CFBCDF-1F36-48A9-8D54-EE4536C22A71}.Debug|Any CPU.Build.0 = Debug|Any CPU
		{84CFBCDF-1F36-48A9-8D54-EE4536C22A71}.Release|Any CPU.ActiveCfg = Release|Any CPU
		{84CFBCDF-1F36-48A9-8D54-EE4536C22A71}.Release|Any CPU.Build.0 = Release|Any CPU
	EndGlobalSection
	GlobalSection(SolutionProperties) = preSolution
		HideSolutionNode = FALSE
	EndGlobalSection
	GlobalSection(NestedProjects) = preSolution
		{5C450EE2-C748-459C-A96B-C50CD2DBE9D3} = {E9A736DE-1906-4A2F-926C-B893612E9B9D}
		{84CFBCDF-1F36-48A9-8D54-EE4536C22A71} = {A225AABD-E1D1-44D9-BF7E-95D55CB9B170}
	EndGlobalSection
	GlobalSection(ExtensibilityGlobals) = postSolution
		SolutionGuid = {96A410D2-75AE-47C8-8B46-52A82DBF09DF}
	EndGlobalSection
EndGlobal
