
Microsoft Visual Studio Solution File, Format Version 12.00
# Visual Studio Version 16
VisualStudioVersion = 16.0.30114.105
MinimumVisualStudioVersion = 10.0.40219.1
Project("{2150E333-8FDC-42A3-9474-1A3956D46DE8}") = "src", "src", "{E9A736DE-1906-4A2F-926C-B893612E9B9D}"
EndProject
Project("{FAE04EC0-301F-11D3-BF4B-00C04F79EFBC}") = "XperienceCommunity.HTMLTagPageBuilderComponents", "src\XperienceCommunity.HTMLTagPageBuilderComponents\XperienceCommunity.HTMLTagPageBuilderComponents.csproj", "{5C450EE2-C748-459C-A96B-C50CD2DBE9D3}"
EndProject
Project("{2150E333-8FDC-42A3-9474-1A3956D46DE8}") = "tests", "tests", "{A225AABD-E1D1-44D9-BF7E-95D55CB9B170}"
EndProject
Project("{FAE04EC0-301F-11D3-BF4B-00C04F79EFBC}") = "XperienceCommunity.HTMLTagPageBuilderComponents.Tests", "tests\XperienceCommunity.HTMLTagPageBuilderComponents.Tests\XperienceCommunity.HTMLTagPageBuilderComponents.Tests.csproj", "{84CFBCDF-1F36-48A9-8D54-EE4536C22A71}"
EndProject
Global
	GlobalSection(SolutionConfigurationPlatforms) = preSolution
		Debug|Any CPU = Debug|Any CPU
		Release|Any CPU = Release|Any CPU
	EndGlobalSection
	GlobalSection(SolutionProperties) = preSolution
		HideSolutionNode = FALSE
	EndGlobalSection
	GlobalSection(ProjectConfigurationPlatforms) = postSolution
		{5C450EE2-C748-459C-A96B-C50CD2DBE9D3}.Debug|Any CPU.ActiveCfg = Debug|Any CPU
		{5C450EE2-C748-459C-A96B-C50CD2DBE9D3}.Debug|Any CPU.Build.0 = Debug|Any CPU
		{5C450EE2-C748-459C-A96B-C50CD2DBE9D3}.Release|Any CPU.ActiveCfg = Release|Any CPU
		{5C450EE2-C748-459C-A96B-C50CD2DBE9D3}.Release|Any CPU.Build.0 = Release|Any CPU
		{84CFBCDF-1F36-48A9-8D54-EE4536C22A71}.Debug|Any CPU.ActiveCfg = Debug|Any CPU
		{84CFBCDF-1F36-48A9-8D54-EE4536C22A71}.Debug|Any CPU.Build.0 = Debug|Any CPU
		{84CFBCDF-1F36-48A9-8D54-EE4536C22A71}.Release|Any CPU.ActiveCfg = Release|Any CPU
		{84CFBCDF-1F36-48A9-8D54-EE4536C22A71}.Release|Any CPU.Build.0 = Release|Any CPU
	EndGlobalSection
	GlobalSection(NestedProjects) = preSolution
		{5C450EE2-C748-459C-A96B-C50CD2DBE9D3} = {E9A736DE-1906-4A2F-926C-B893612E9B9D}
		{84CFBCDF-1F36-48A9-8D54-EE4536C22A71} = {A225AABD-E1D1-44D9-BF7E-95D55CB9B170}
	EndGlobalSection
EndGlobal
